// !$*UTF8*$!
{
	archiveVersion = 1;
	classes = {
	};
	objectVersion = 46;
	objects = {

/* Begin PBXBuildFile section */
		4A5FDD521A145269007E0C9D /* AppDelegate.swift in Sources */ = {isa = PBXBuildFile; fileRef = 4A5FDD511A145269007E0C9D /* AppDelegate.swift */; };
		4A5FDD541A145269007E0C9D /* ViewController.swift in Sources */ = {isa = PBXBuildFile; fileRef = 4A5FDD531A145269007E0C9D /* ViewController.swift */; };
		4A5FDD571A145269007E0C9D /* Main.storyboard in Resources */ = {isa = PBXBuildFile; fileRef = 4A5FDD551A145269007E0C9D /* Main.storyboard */; };
		4A5FDD591A145269007E0C9D /* Images.xcassets in Resources */ = {isa = PBXBuildFile; fileRef = 4A5FDD581A145269007E0C9D /* Images.xcassets */; };
		4A5FDD5C1A145269007E0C9D /* LaunchScreen.xib in Resources */ = {isa = PBXBuildFile; fileRef = 4A5FDD5A1A145269007E0C9D /* LaunchScreen.xib */; };
		4A5FDD681A145269007E0C9D /* How_Many_FingersTests.swift in Sources */ = {isa = PBXBuildFile; fileRef = 4A5FDD671A145269007E0C9D /* How_Many_FingersTests.swift */; };
/* End PBXBuildFile section */

/* Begin PBXContainerItemProxy section */
		4A5FDD621A145269007E0C9D /* PBXContainerItemProxy */ = {
			isa = PBXContainerItemProxy;
			containerPortal = 4A5FDD441A145269007E0C9D /* Project object */;
			proxyType = 1;
			remoteGlobalIDString = 4A5FDD4B1A145269007E0C9D;
			remoteInfo = "How Many Fingers";
		};
/* End PBXContainerItemProxy section */

/* Begin PBXFileReference section */
		4A5FDD4C1A145269007E0C9D /* How Many Fingers.app */ = {isa = PBXFileReference; explicitFileType = wrapper.application; includeInIndex = 0; path = "How Many Fingers.app"; sourceTree = BUILT_PRODUCTS_DIR; };
		4A5FDD501A145269007E0C9D /* Info.plist */ = {isa = PBXFileReference; lastKnownFileType = text.plist.xml; path = Info.plist; sourceTree = "<group>"; };
		4A5FDD511A145269007E0C9D /* AppDelegate.swift */ = {isa = PBXFileReference; lastKnownFileType = sourcecode.swift; path = AppDelegate.swift; sourceTree = "<group>"; };
		4A5FDD531A145269007E0C9D /* ViewController.swift */ = {isa = PBXFileReference; lastKnownFileType = sourcecode.swift; path = ViewController.swift; sourceTree = "<group>"; };
		4A5FDD561A145269007E0C9D /* Base */ = {isa = PBXFileReference; lastKnownFileType = file.storyboard; name = Base; path = Base.lproj/Main.storyboard; sourceTree = "<group>"; };
		4A5FDD581A145269007E0C9D /* Images.xcassets */ = {isa = PBXFileReference; lastKnownFileType = folder.assetcatalog; path = Images.xcassets; sourceTree = "<group>"; };
		4A5FDD5B1A145269007E0C9D /* Base */ = {isa = PBXFileReference; lastKnownFileType = file.xib; name = Base; path = Base.lproj/LaunchScreen.xib; sourceTree = "<group>"; };
		4A5FDD611A145269007E0C9D /* How Many FingersTests.xctest */ = {isa = PBXFileReference; explicitFileType = wrapper.cfbundle; includeInIndex = 0; path = "How Many FingersTests.xctest"; sourceTree = BUILT_PRODUCTS_DIR; };
		4A5FDD661A145269007E0C9D /* Info.plist */ = {isa = PBXFileReference; lastKnownFileType = text.plist.xml; path = Info.plist; sourceTree = "<group>"; };
		4A5FDD671A145269007E0C9D /* How_Many_FingersTests.swift */ = {isa = PBXFileReference; lastKnownFileType = sourcecode.swift; path = How_Many_FingersTests.swift; sourceTree = "<group>"; };
/* End PBXFileReference section */

/* Begin PBXFrameworksBuildPhase section */
		4A5FDD491A145269007E0C9D /* Frameworks */ = {
			isa = PBXFrameworksBuildPhase;
			buildActionMask = 2147483647;
			files = (
			);
			runOnlyForDeploymentPostprocessing = 0;
		};
		4A5FDD5E1A145269007E0C9D /* Frameworks */ = {
			isa = PBXFrameworksBuildPhase;
			buildActionMask = 2147483647;
			files = (
			);
			runOnlyForDeploymentPostprocessing = 0;
		};
/* End PBXFrameworksBuildPhase section */

/* Begin PBXGroup section */
		4A5FDD431A145269007E0C9D = {
			isa = PBXGroup;
			children = (
				4A5FDD4E1A145269007E0C9D /* How Many Fingers */,
				4A5FDD641A145269007E0C9D /* How Many FingersTests */,
				4A5FDD4D1A145269007E0C9D /* Products */,
			);
			sourceTree = "<group>";
		};
		4A5FDD4D1A145269007E0C9D /* Products */ = {
			isa = PBXGroup;
			children = (
				4A5FDD4C1A145269007E0C9D /* How Many Fingers.app */,
				4A5FDD611A145269007E0C9D /* How Many FingersTests.xctest */,
			);
			name = Products;
			sourceTree = "<group>";
		};
		4A5FDD4E1A145269007E0C9D /* How Many Fingers */ = {
			isa = PBXGroup;
			children = (
				4A5FDD511A145269007E0C9D /* AppDelegate.swift */,
				4A5FDD531A145269007E0C9D /* ViewController.swift */,
				4A5FDD551A145269007E0C9D /* Main.storyboard */,
				4A5FDD581A145269007E0C9D /* Images.xcassets */,
				4A5FDD5A1A145269007E0C9D /* LaunchScreen.xib */,
				4A5FDD4F1A145269007E0C9D /* Supporting Files */,
			);
			path = "How Many Fingers";
			sourceTree = "<group>";
		};
		4A5FDD4F1A145269007E0C9D /* Supporting Files */ = {
			isa = PBXGroup;
			children = (
				4A5FDD501A145269007E0C9D /* Info.plist */,
			);
			name = "Supporting Files";
			sourceTree = "<group>";
		};
		4A5FDD641A145269007E0C9D /* How Many FingersTests */ = {
			isa = PBXGroup;
			children = (
				4A5FDD671A145269007E0C9D /* How_Many_FingersTests.swift */,
				4A5FDD651A145269007E0C9D /* Supporting Files */,
			);
			path = "How Many FingersTests";
			sourceTree = "<group>";
		};
		4A5FDD651A145269007E0C9D /* Supporting Files */ = {
			isa = PBXGroup;
			children = (
				4A5FDD661A145269007E0C9D /* Info.plist */,
			);
			name = "Supporting Files";
			sourceTree = "<group>";
		};
/* End PBXGroup section */

/* Begin PBXNativeTarget section */
		4A5FDD4B1A145269007E0C9D /* How Many Fingers */ = {
			isa = PBXNativeTarget;
			buildConfigurationList = 4A5FDD6B1A145269007E0C9D /* Build configuration list for PBXNativeTarget "How Many Fingers" */;
			buildPhases = (
				4A5FDD481A145269007E0C9D /* Sources */,
				4A5FDD491A145269007E0C9D /* Frameworks */,
				4A5FDD4A1A145269007E0C9D /* Resources */,
			);
			buildRules = (
			);
			dependencies = (
			);
			name = "How Many Fingers";
			productName = "How Many Fingers";
			productReference = 4A5FDD4C1A145269007E0C9D /* How Many Fingers.app */;
			productType = "com.apple.product-type.application";
		};
		4A5FDD601A145269007E0C9D /* How Many FingersTests */ = {
			isa = PBXNativeTarget;
			buildConfigurationList = 4A5FDD6E1A145269007E0C9D /* Build configuration list for PBXNativeTarget "How Many FingersTests" */;
			buildPhases = (
				4A5FDD5D1A145269007E0C9D /* Sources */,
				4A5FDD5E1A145269007E0C9D /* Frameworks */,
				4A5FDD5F1A145269007E0C9D /* Resources */,
			);
			buildRules = (
			);
			dependencies = (
				4A5FDD631A145269007E0C9D /* PBXTargetDependency */,
			);
			name = "How Many FingersTests";
			productName = "How Many FingersTests";
			productReference = 4A5FDD611A145269007E0C9D /* How Many FingersTests.xctest */;
			productType = "com.apple.product-type.bundle.unit-test";
		};
/* End PBXNativeTarget section */

/* Begin PBXProject section */
		4A5FDD441A145269007E0C9D /* Project object */ = {
			isa = PBXProject;
			attributes = {
				LastUpgradeCheck = 0610;
				ORGANIZATIONNAME = "K C";
				TargetAttributes = {
					4A5FDD4B1A145269007E0C9D = {
						CreatedOnToolsVersion = 6.1;
					};
					4A5FDD601A145269007E0C9D = {
						CreatedOnToolsVersion = 6.1;
						TestTargetID = 4A5FDD4B1A145269007E0C9D;
					};
				};
			};
			buildConfigurationList = 4A5FDD471A145269007E0C9D /* Build configuration list for PBXProject "How Many Fingers" */;
			compatibilityVersion = "Xcode 3.2";
			developmentRegion = English;
			hasScannedForEncodings = 0;
			knownRegions = (
				en,
				Base,
			);
			mainGroup = 4A5FDD431A145269007E0C9D;
			productRefGroup = 4A5FDD4D1A145269007E0C9D /* Products */;
			projectDirPath = "";
			projectRoot = "";
			targets = (
				4A5FDD4B1A145269007E0C9D /* How Many Fingers */,
				4A5FDD601A145269007E0C9D /* How Many FingersTests */,
			);
		};
/* End PBXProject section */

/* Begin PBXResourcesBuildPhase section */
		4A5FDD4A1A145269007E0C9D /* Resources */ = {
			isa = PBXResourcesBuildPhase;
			buildActionMask = 2147483647;
			files = (
				4A5FDD571A145269007E0C9D /* Main.storyboard in Resources */,
				4A5FDD5C1A145269007E0C9D /* LaunchScreen.xib in Resources */,
				4A5FDD591A145269007E0C9D /* Images.xcassets in Resources */,
			);
			runOnlyForDeploymentPostprocessing = 0;
		};
		4A5FDD5F1A145269007E0C9D /* Resources */ = {
			isa = PBXResourcesBuildPhase;
			buildActionMask = 2147483647;
			files = (
			);
			runOnlyForDeploymentPostprocessing = 0;
		};
/* End PBXResourcesBuildPhase section */

/* Begin PBXSourcesBuildPhase section */
		4A5FDD481A145269007E0C9D /* Sources */ = {
			isa = PBXSourcesBuildPhase;
			buildActionMask = 2147483647;
			files = (
				4A5FDD541A145269007E0C9D /* ViewController.swift in Sources */,
				4A5FDD521A145269007E0C9D /* AppDelegate.swift in Sources */,
			);
			runOnlyForDeploymentPostprocessing = 0;
		};
		4A5FDD5D1A145269007E0C9D /* Sources */ = {
			isa = PBXSourcesBuildPhase;
			buildActionMask = 2147483647;
			files = (
				4A5FDD681A145269007E0C9D /* How_Many_FingersTests.swift in Sources */,
			);
			runOnlyForDeploymentPostprocessing = 0;
		};
/* End PBXSourcesBuildPhase section */

/* Begin PBXTargetDependency section */
		4A5FDD631A145269007E0C9D /* PBXTargetDependency */ = {
			isa = PBXTargetDependency;
			target = 4A5FDD4B1A145269007E0C9D /* How Many Fingers */;
			targetProxy = 4A5FDD621A145269007E0C9D /* PBXContainerItemProxy */;
		};
/* End PBXTargetDependency section */

/* Begin PBXVariantGroup section */
		4A5FDD551A145269007E0C9D /* Main.storyboard */ = {
			isa = PBXVariantGroup;
			children = (
				4A5FDD561A145269007E0C9D /* Base */,
			);
			name = Main.storyboard;
			sourceTree = "<group>";
		};
		4A5FDD5A1A145269007E0C9D /* LaunchScreen.xib */ = {
			isa = PBXVariantGroup;
			children = (
				4A5FDD5B1A145269007E0C9D /* Base */,
			);
			name = LaunchScreen.xib;
			sourceTree = "<group>";
		};
/* End PBXVariantGroup section */

/* Begin XCBuildConfiguration section */
		4A5FDD691A145269007E0C9D /* Debug */ = {
			isa = XCBuildConfiguration;
			buildSettings = {
				ALWAYS_SEARCH_USER_PATHS = NO;
				CLANG_CXX_LANGUAGE_STANDARD = "gnu++0x";
				CLANG_CXX_LIBRARY = "libc++";
				CLANG_ENABLE_MODULES = YES;
				CLANG_ENABLE_OBJC_ARC = YES;
				CLANG_WARN_BOOL_CONVERSION = YES;
				CLANG_WARN_CONSTANT_CONVERSION = YES;
				CLANG_WARN_DIRECT_OBJC_ISA_USAGE = YES_ERROR;
				CLANG_WARN_EMPTY_BODY = YES;
				CLANG_WARN_ENUM_CONVERSION = YES;
				CLANG_WARN_INT_CONVERSION = YES;
				CLANG_WARN_OBJC_ROOT_CLASS = YES_ERROR;
				CLANG_WARN_UNREACHABLE_CODE = YES;
				CLANG_WARN__DUPLICATE_METHOD_MATCH = YES;
				"CODE_SIGN_IDENTITY[sdk=iphoneos*]" = "iPhone Developer";
				COPY_PHASE_STRIP = NO;
				ENABLE_STRICT_OBJC_MSGSEND = YES;
				GCC_C_LANGUAGE_STANDARD = gnu99;
				GCC_DYNAMIC_NO_PIC = NO;
				GCC_OPTIMIZATION_LEVEL = 0;
				GCC_PREPROCESSOR_DEFINITIONS = (
					"DEBUG=1",
					"$(inherited)",
				);
				GCC_SYMBOLS_PRIVATE_EXTERN = NO;
				GCC_WARN_64_TO_32_BIT_CONVERSION = YES;
				GCC_WARN_ABOUT_RETURN_TYPE = YES_ERROR;
				GCC_WARN_UNDECLARED_SELECTOR = YES;
				GCC_WARN_UNINITIALIZED_AUTOS = YES_AGGRESSIVE;
				GCC_WARN_UNUSED_FUNCTION = YES;
				GCC_WARN_UNUSED_VARIABLE = YES;
				IPHONEOS_DEPLOYMENT_TARGET = 8.1;
				MTL_ENABLE_DEBUG_INFO = YES;
				ONLY_ACTIVE_ARCH = YES;
				SDKROOT = iphoneos;
				SWIFT_OPTIMIZATION_LEVEL = "-Onone";
			};
			name = Debug;
		};
		4A5FDD6A1A145269007E0C9D /* Release */ = {
			isa = XCBuildConfiguration;
			buildSettings = {
				ALWAYS_SEARCH_USER_PATHS = NO;
				CLANG_CXX_LANGUAGE_STANDARD = "gnu++0x";
				CLANG_CXX_LIBRARY = "libc++";
				CLANG_ENABLE_MODULES = YES;
				CLANG_ENABLE_OBJC_ARC = YES;
				CLANG_WARN_BOOL_CONVERSION = YES;
				CLANG_WARN_CONSTANT_CONVERSION = YES;
				CLANG_WARN_DIRECT_OBJC_ISA_USAGE = YES_ERROR;
				CLANG_WARN_EMPTY_BODY = YES;
				CLANG_WARN_ENUM_CONVERSION = YES;
				CLANG_WARN_INT_CONVERSION = YES;
				CLANG_WARN_OBJC_ROOT_CLASS = YES_ERROR;
				CLANG_WARN_UNREACHABLE_CODE = YES;
				CLANG_WARN__DUPLICATE_METHOD_MATCH = YES;
				"CODE_SIGN_IDENTITY[sdk=iphoneos*]" = "iPhone Developer";
				COPY_PHASE_STRIP = YES;
				ENABLE_NS_ASSERTIONS = NO;
				ENABLE_STRICT_OBJC_MSGSEND = YES;
				GCC_C_LANGUAGE_STANDARD = gnu99;
				GCC_WARN_64_TO_32_BIT_CONVERSION = YES;
				GCC_WARN_ABOUT_RETURN_TYPE = YES_ERROR;
				GCC_WARN_UNDECLARED_SELECTOR = YES;
				GCC_WARN_UNINITIALIZED_AUTOS = YES_AGGRESSIVE;
				GCC_WARN_UNUSED_FUNCTION = YES;
				GCC_WARN_UNUSED_VARIABLE = YES;
				IPHONEOS_DEPLOYMENT_TARGET = 8.1;
				MTL_ENABLE_DEBUG_INFO = NO;
				SDKROOT = iphoneos;
				VALIDATE_PRODUCT = YES;
			};
			name = Release;
		};
		4A5FDD6C1A145269007E0C9D /* Debug */ = {
			isa = XCBuildConfiguration;
			buildSettings = {
				ASSETCATALOG_COMPILER_APPICON_NAME = AppIcon;
				INFOPLIST_FILE = "How Many Fingers/Info.plist";
				LD_RUNPATH_SEARCH_PATHS = "$(inherited) @executable_path/Frameworks";
				PRODUCT_NAME = "$(TARGET_NAME)";
			};
			name = Debug;
		};
		4A5FDD6D1A145269007E0C9D /* Release */ = {
			isa = XCBuildConfiguration;
			buildSettings = {
				ASSETCATALOG_COMPILER_APPICON_NAME = AppIcon;
				INFOPLIST_FILE = "How Many Fingers/Info.plist";
				LD_RUNPATH_SEARCH_PATHS = "$(inherited) @executable_path/Frameworks";
				PRODUCT_NAME = "$(TARGET_NAME)";
			};
			name = Release;
		};
		4A5FDD6F1A145269007E0C9D /* Debug */ = {
			isa = XCBuildConfiguration;
			buildSettings = {
				BUNDLE_LOADER = "$(TEST_HOST)";
				FRAMEWORK_SEARCH_PATHS = (
					"$(SDKROOT)/Developer/Library/Frameworks",
					"$(inherited)",
				);
				GCC_PREPROCESSOR_DEFINITIONS = (
					"DEBUG=1",
					"$(inherited)",
				);
				INFOPLIST_FILE = "How Many FingersTests/Info.plist";
				LD_RUNPATH_SEARCH_PATHS = "$(inherited) @executable_path/Frameworks @loader_path/Frameworks";
				PRODUCT_NAME = "$(TARGET_NAME)";
				TEST_HOST = "$(BUILT_PRODUCTS_DIR)/How Many Fingers.app/How Many Fingers";
			};
			name = Debug;
		};
		4A5FDD701A145269007E0C9D /* Release */ = {
			isa = XCBuildConfiguration;
			buildSettings = {
				BUNDLE_LOADER = "$(TEST_HOST)";
				FRAMEWORK_SEARCH_PATHS = (
					"$(SDKROOT)/Developer/Library/Frameworks",
					"$(inherited)",
				);
				INFOPLIST_FILE = "How Many FingersTests/Info.plist";
				LD_RUNPATH_SEARCH_PATHS = "$(inherited) @executable_path/Frameworks @loader_path/Frameworks";
				PRODUCT_NAME = "$(TARGET_NAME)";
				TEST_HOST = "$(BUILT_PRODUCTS_DIR)/How Many Fingers.app/How Many Fingers";
			};
			name = Release;
		};
/* End XCBuildConfiguration section */

/* Begin XCConfigurationList section */
		4A5FDD471A145269007E0C9D /* Build configuration list for PBXProject "How Many Fingers" */ = {
			isa = XCConfigurationList;
			buildConfigurations = (
				4A5FDD691A145269007E0C9D /* Debug */,
				4A5FDD6A1A145269007E0C9D /* Release */,
			);
			defaultConfigurationIsVisible = 0;
			defaultConfigurationName = Release;
		};
		4A5FDD6B1A145269007E0C9D /* Build configuration list for PBXNativeTarget "How Many Fingers" */ = {
			isa = XCConfigurationList;
			buildConfigurations = (
				4A5FDD6C1A145269007E0C9D /* Debug */,
				4A5FDD6D1A145269007E0C9D /* Release */,
			);
			defaultConfigurationIsVisible = 0;
		};
		4A5FDD6E1A145269007E0C9D /* Build configuration list for PBXNativeTarget "How Many FingersTests" */ = {
			isa = XCConfigurationList;
			buildConfigurations = (
				4A5FDD6F1A145269007E0C9D /* Debug */,
				4A5FDD701A145269007E0C9D /* Release */,
			);
			defaultConfigurationIsVisible = 0;
		};
/* End XCConfigurationList section */
	};
	rootObject = 4A5FDD441A145269007E0C9D /* Project object */;
}
